
Microsoft Visual Studio Solution File, Format Version 12.00
# Visual Studio Version 17
VisualStudioVersion = 17.0.31903.59
MinimumVisualStudioVersion = 10.0.40219.1
Project("{2150E333-8FDC-42A3-9474-1A3956D46DE8}") = "src", "src", "{3EB7F46A-BD29-46AC-8CB8-1A1602D878E7}"
EndProject
Project("{2150E333-8FDC-42A3-9474-1A3956D46DE8}") = "Services", "Services", "{09FB8785-4CD2-474B-998B-DA3DBC8C0727}"
EndProject
Project("{2150E333-8FDC-42A3-9474-1A3956D46DE8}") = "AuthService", "AuthService", "{78E52FEA-BFB6-4492-AB17-101BFB25E2CD}"
EndProject
Project("{FAE04EC0-301F-11D3-BF4B-00C04F79EFBC}") = "AuthService.Api", "src\Services\AuthService\AuthService.Api\AuthService.Api.csproj", "{FF90E43B-D203-4E0C-AE4D-6C35863A5E2B}"
EndProject
Project("{FAE04EC0-301F-11D3-BF4B-00C04F79EFBC}") = "AuthService.Application", "src\Services\AuthService\AuthService.Application\AuthService.Application.csproj", "{385B1D03-8161-4422-A5AB-3B9599F683D6}"
EndProject
Project("{FAE04EC0-301F-11D3-BF4B-00C04F79EFBC}") = "AuthService.Domain", "src\Services\AuthService\AuthService.Domain\AuthService.Domain.csproj", "{A7C68807-3CE0-4750-9112-D50D3D94B847}"
EndProject
Project("{FAE04EC0-301F-11D3-BF4B-00C04F79EFBC}") = "AuthService.Infrastructure", "src\Services\AuthService\AuthService.Infrastructure\AuthService.Infrastructure.csproj", "{4E5706BA-70E2-4E85-BFC1-47A611B3316A}"
EndProject
Project("{2150E333-8FDC-42A3-9474-1A3956D46DE8}") = "ProductService", "ProductService", "{2C78938A-E767-463E-80DE-CC34E51C6D1E}"
EndProject
Project("{FAE04EC0-301F-11D3-BF4B-00C04F79EFBC}") = "ProductService.Api", "src\Services\ProductService\ProductService.Api\ProductService.Api.csproj", "{F1A44843-4A68-4A03-9540-FE5DC14E1FA0}"
EndProject
Project("{FAE04EC0-301F-11D3-BF4B-00C04F79EFBC}") = "ProductService.Application", "src\Services\ProductService\ProductService.Application\ProductService.Application.csproj", "{5C7502F4-2B17-4589-9EA7-CBFC37E99FCD}"
EndProject
Project("{FAE04EC0-301F-11D3-BF4B-00C04F79EFBC}") = "ProductService.Domain", "src\Services\ProductService\ProductService.Domain\ProductService.Domain.csproj", "{CF15C294-37F8-4302-85BF-DB28AA6BF281}"
EndProject
Project("{FAE04EC0-301F-11D3-BF4B-00C04F79EFBC}") = "ProductService.Infrastructure", "src\Services\ProductService\ProductService.Infrastructure\ProductService.Infrastructure.csproj", "{95867594-DEAB-4429-B8C0-852087043F79}"
EndProject
Project("{2150E333-8FDC-42A3-9474-1A3956D46DE8}") = "PurchaseService", "PurchaseService", "{A16B8DDA-A880-4FCA-A979-08E5AE0D905D}"
EndProject
Project("{FAE04EC0-301F-11D3-BF4B-00C04F79EFBC}") = "PurchaseService.Api", "src\Services\PurchaseService\PurchaseService.Api\PurchaseService.Api.csproj", "{EF788FBD-A4A3-49D6-A06F-D85AD34A4D7C}"
EndProject
Project("{FAE04EC0-301F-11D3-BF4B-00C04F79EFBC}") = "PurchaseService.Application", "src\Services\PurchaseService\PurchaseService.Application\PurchaseService.Application.csproj", "{932C5003-5419-42FF-8494-ACA76D1FB37F}"
EndProject
Project("{FAE04EC0-301F-11D3-BF4B-00C04F79EFBC}") = "PurchaseService.Domain", "src\Services\PurchaseService\PurchaseService.Domain\PurchaseService.Domain.csproj", "{2C9B7DC7-5CD7-4489-A6B6-7F676445C8BD}"
EndProject
Project("{FAE04EC0-301F-11D3-BF4B-00C04F79EFBC}") = "PurchaseService.Infrastructure", "src\Services\PurchaseService\PurchaseService.Infrastructure\PurchaseService.Infrastructure.csproj", "{152C740E-CE96-4C80-8BC1-25B22D9B5A37}"
EndProject
Project("{2150E333-8FDC-42A3-9474-1A3956D46DE8}") = "SagaOrchestratorService", "SagaOrchestratorService", "{9D56466D-CBC4-46D8-BC23-AEB4EF0D548A}"
EndProject
Project("{FAE04EC0-301F-11D3-BF4B-00C04F79EFBC}") = "SagaOrchestrator.Api", "src\Services\SagaOrchestratorService\SagaOrchestrator.Api\SagaOrchestrator.Api.csproj", "{498F50B7-B7D0-4C3E-9EEE-C1CC2A9CB992}"
EndProject
Project("{FAE04EC0-301F-11D3-BF4B-00C04F79EFBC}") = "SagaOrchestrator.Application", "src\Services\SagaOrchestratorService\SagaOrchestrator.Application\SagaOrchestrator.Application.csproj", "{2C263AAA-88C5-4E71-9784-BAB290F1A5CC}"
EndProject
Project("{FAE04EC0-301F-11D3-BF4B-00C04F79EFBC}") = "SagaOrchestrator.Domain", "src\Services\SagaOrchestratorService\SagaOrchestrator.Domain\SagaOrchestrator.Domain.csproj", "{09E3F23E-4C31-4672-8032-D043107D239E}"
EndProject
Project("{FAE04EC0-301F-11D3-BF4B-00C04F79EFBC}") = "SagaOrchestrator.Infrastructure", "src\Services\SagaOrchestratorService\SagaOrchestrator.Infrastructure\SagaOrchestrator.Infrastructure.csproj", "{BBB60622-35CE-46B4-8D52-D37935B31704}"
EndProject
Project("{2150E333-8FDC-42A3-9474-1A3956D46DE8}") = "MovementService", "MovementService", "{70903D10-3603-42FD-A19E-AD2E0267757A}"
EndProject
Project("{FAE04EC0-301F-11D3-BF4B-00C04F79EFBC}") = "MovementService.Api", "src\Services\MovementService\MovementService.Api\MovementService.Api.csproj", "{CDEE64F6-0900-4DC5-8ED6-1AABDE2C4BF1}"
EndProject
Project("{FAE04EC0-301F-11D3-BF4B-00C04F79EFBC}") = "MovementService.Application", "src\Services\MovementService\MovementService.Application\MovementService.Application.csproj", "{C657565B-0476-4FF2-9F4A-A5F3B6C85D57}"
EndProject
Project("{FAE04EC0-301F-11D3-BF4B-00C04F79EFBC}") = "MovementService.Domain", "src\Services\MovementService\MovementService.Domain\MovementService.Domain.csproj", "{6FD82DD7-A087-4715-A008-1648B66BB75E}"
EndProject
Project("{FAE04EC0-301F-11D3-BF4B-00C04F79EFBC}") = "MovementService.Infrastructure", "src\Services\MovementService\MovementService.Infrastructure\MovementService.Infrastructure.csproj", "{36D85529-0EC3-44AA-ACD0-4AED1EB2E94C}"
EndProject
Project("{2150E333-8FDC-42A3-9474-1A3956D46DE8}") = "SalesService", "SalesService", "{12F7DE93-C5EE-4B5F-84D6-3B90A5E4F9DE}"
EndProject
Project("{FAE04EC0-301F-11D3-BF4B-00C04F79EFBC}") = "SalesService.Api", "src\Services\SalesService\SalesService.Api\SalesService.Api.csproj", "{1525534B-99A4-4C53-9049-8F31CFCC5D72}"
EndProject
Project("{FAE04EC0-301F-11D3-BF4B-00C04F79EFBC}") = "SalesService.Application", "src\Services\SalesService\SalesService.Application\SalesService.Application.csproj", "{ECC0601C-FC57-4050-A8D0-FA1B3DD52D10}"
EndProject
Project("{FAE04EC0-301F-11D3-BF4B-00C04F79EFBC}") = "SalesService.Domain", "src\Services\SalesService\SalesService.Domain\SalesService.Domain.csproj", "{AD3B652D-9C97-4550-948E-F6692804B8CA}"
EndProject
Project("{FAE04EC0-301F-11D3-BF4B-00C04F79EFBC}") = "SalesService.Infrastructure", "src\Services\SalesService\SalesService.Infrastructure\SalesService.Infrastructure.csproj", "{A0375D4D-7607-4D33-AEF1-F58DDC468492}"
EndProject
Project("{2150E333-8FDC-42A3-9474-1A3956D46DE8}") = "KardexQueryService", "KardexQueryService", "{4972B6FF-2344-424B-B0F2-BD8EB64210C9}"
EndProject
Project("{FAE04EC0-301F-11D3-BF4B-00C04F79EFBC}") = "KardexQueryService.Api", "src\Services\KardexQueryService\KardexQueryService.Api\KardexQueryService.Api.csproj", "{4D38CEB9-F81E-4913-ABC0-184821AC5DE6}"
EndProject
Project("{FAE04EC0-301F-11D3-BF4B-00C04F79EFBC}") = "KardexQueryService.Application", "src\Services\KardexQueryService\KardexQueryService.Application\KardexQueryService.Application.csproj", "{7C3B5A7F-BFF9-418D-97FE-AA6194513325}"
EndProject
Project("{FAE04EC0-301F-11D3-BF4B-00C04F79EFBC}") = "KardexQueryService.Domain", "src\Services\KardexQueryService\KardexQueryService.Domain\KardexQueryService.Domain.csproj", "{461D3A45-8B08-4FFE-8E14-B1CEF578C351}"
EndProject
Project("{FAE04EC0-301F-11D3-BF4B-00C04F79EFBC}") = "KardexQueryService.Infrastructure", "src\Services\KardexQueryService\KardexQueryService.Infrastructure\KardexQueryService.Infrastructure.csproj", "{801A0AF3-8815-4A2D-996A-7CB4D280E86E}"
EndProject
Project("{2150E333-8FDC-42A3-9474-1A3956D46DE8}") = "BuildingBlocks", "BuildingBlocks", "{6EB162DB-E1A3-44F7-BB95-891C6AA183E9}"
EndProject
Project("{2150E333-8FDC-42A3-9474-1A3956D46DE8}") = "IntegrationEvents", "IntegrationEvents", "{0D4248D3-0FA9-474E-8C12-FE075AE67296}"
EndProject
Project("{FAE04EC0-301F-11D3-BF4B-00C04F79EFBC}") = "SanFelipe.IntegrationEvents", "src\BuildingBlocks\IntegrationEvents\SanFelipe.IntegrationEvents\SanFelipe.IntegrationEvents.csproj", "{28EF86F3-E9DE-4645-AC1D-B49A8E638362}"
EndProject
Global
	GlobalSection(SolutionConfigurationPlatforms) = preSolution
		Debug|Any CPU = Debug|Any CPU
		Release|Any CPU = Release|Any CPU
	EndGlobalSection
	GlobalSection(SolutionProperties) = preSolution
		HideSolutionNode = FALSE
	EndGlobalSection
	GlobalSection(ProjectConfigurationPlatforms) = postSolution
		{FF90E43B-D203-4E0C-AE4D-6C35863A5E2B}.Debug|Any CPU.ActiveCfg = Debug|Any CPU
		{FF90E43B-D203-4E0C-AE4D-6C35863A5E2B}.Debug|Any CPU.Build.0 = Debug|Any CPU
		{FF90E43B-D203-4E0C-AE4D-6C35863A5E2B}.Release|Any CPU.ActiveCfg = Release|Any CPU
		{FF90E43B-D203-4E0C-AE4D-6C35863A5E2B}.Release|Any CPU.Build.0 = Release|Any CPU
		{385B1D03-8161-4422-A5AB-3B9599F683D6}.Debug|Any CPU.ActiveCfg = Debug|Any CPU
		{385B1D03-8161-4422-A5AB-3B9599F683D6}.Debug|Any CPU.Build.0 = Debug|Any CPU
		{385B1D03-8161-4422-A5AB-3B9599F683D6}.Release|Any CPU.ActiveCfg = Release|Any CPU
		{385B1D03-8161-4422-A5AB-3B9599F683D6}.Release|Any CPU.Build.0 = Release|Any CPU
		{A7C68807-3CE0-4750-9112-D50D3D94B847}.Debug|Any CPU.ActiveCfg = Debug|Any CPU
		{A7C68807-3CE0-4750-9112-D50D3D94B847}.Debug|Any CPU.Build.0 = Debug|Any CPU
		{A7C68807-3CE0-4750-9112-D50D3D94B847}.Release|Any CPU.ActiveCfg = Release|Any CPU
		{A7C68807-3CE0-4750-9112-D50D3D94B847}.Release|Any CPU.Build.0 = Release|Any CPU
		{4E5706BA-70E2-4E85-BFC1-47A611B3316A}.Debug|Any CPU.ActiveCfg = Debug|Any CPU
		{4E5706BA-70E2-4E85-BFC1-47A611B3316A}.Debug|Any CPU.Build.0 = Debug|Any CPU
		{4E5706BA-70E2-4E85-BFC1-47A611B3316A}.Release|Any CPU.ActiveCfg = Release|Any CPU
		{4E5706BA-70E2-4E85-BFC1-47A611B3316A}.Release|Any CPU.Build.0 = Release|Any CPU
		{F1A44843-4A68-4A03-9540-FE5DC14E1FA0}.Debug|Any CPU.ActiveCfg = Debug|Any CPU
		{F1A44843-4A68-4A03-9540-FE5DC14E1FA0}.Debug|Any CPU.Build.0 = Debug|Any CPU
		{F1A44843-4A68-4A03-9540-FE5DC14E1FA0}.Release|Any CPU.ActiveCfg = Release|Any CPU
		{F1A44843-4A68-4A03-9540-FE5DC14E1FA0}.Release|Any CPU.Build.0 = Release|Any CPU
		{5C7502F4-2B17-4589-9EA7-CBFC37E99FCD}.Debug|Any CPU.ActiveCfg = Debug|Any CPU
		{5C7502F4-2B17-4589-9EA7-CBFC37E99FCD}.Debug|Any CPU.Build.0 = Debug|Any CPU
		{5C7502F4-2B17-4589-9EA7-CBFC37E99FCD}.Release|Any CPU.ActiveCfg = Release|Any CPU
		{5C7502F4-2B17-4589-9EA7-CBFC37E99FCD}.Release|Any CPU.Build.0 = Release|Any CPU
		{CF15C294-37F8-4302-85BF-DB28AA6BF281}.Debug|Any CPU.ActiveCfg = Debug|Any CPU
		{CF15C294-37F8-4302-85BF-DB28AA6BF281}.Debug|Any CPU.Build.0 = Debug|Any CPU
		{CF15C294-37F8-4302-85BF-DB28AA6BF281}.Release|Any CPU.ActiveCfg = Release|Any CPU
		{CF15C294-37F8-4302-85BF-DB28AA6BF281}.Release|Any CPU.Build.0 = Release|Any CPU
		{95867594-DEAB-4429-B8C0-852087043F79}.Debug|Any CPU.ActiveCfg = Debug|Any CPU
		{95867594-DEAB-4429-B8C0-852087043F79}.Debug|Any CPU.Build.0 = Debug|Any CPU
		{95867594-DEAB-4429-B8C0-852087043F79}.Release|Any CPU.ActiveCfg = Release|Any CPU
		{95867594-DEAB-4429-B8C0-852087043F79}.Release|Any CPU.Build.0 = Release|Any CPU
		{EF788FBD-A4A3-49D6-A06F-D85AD34A4D7C}.Debug|Any CPU.ActiveCfg = Debug|Any CPU
		{EF788FBD-A4A3-49D6-A06F-D85AD34A4D7C}.Debug|Any CPU.Build.0 = Debug|Any CPU
		{EF788FBD-A4A3-49D6-A06F-D85AD34A4D7C}.Release|Any CPU.ActiveCfg = Release|Any CPU
		{EF788FBD-A4A3-49D6-A06F-D85AD34A4D7C}.Release|Any CPU.Build.0 = Release|Any CPU
		{932C5003-5419-42FF-8494-ACA76D1FB37F}.Debug|Any CPU.ActiveCfg = Debug|Any CPU
		{932C5003-5419-42FF-8494-ACA76D1FB37F}.Debug|Any CPU.Build.0 = Debug|Any CPU
		{932C5003-5419-42FF-8494-ACA76D1FB37F}.Release|Any CPU.ActiveCfg = Release|Any CPU
		{932C5003-5419-42FF-8494-ACA76D1FB37F}.Release|Any CPU.Build.0 = Release|Any CPU
		{2C9B7DC7-5CD7-4489-A6B6-7F676445C8BD}.Debug|Any CPU.ActiveCfg = Debug|Any CPU
		{2C9B7DC7-5CD7-4489-A6B6-7F676445C8BD}.Debug|Any CPU.Build.0 = Debug|Any CPU
		{2C9B7DC7-5CD7-4489-A6B6-7F676445C8BD}.Release|Any CPU.ActiveCfg = Release|Any CPU
		{2C9B7DC7-5CD7-4489-A6B6-7F676445C8BD}.Release|Any CPU.Build.0 = Release|Any CPU
		{152C740E-CE96-4C80-8BC1-25B22D9B5A37}.Debug|Any CPU.ActiveCfg = Debug|Any CPU
		{152C740E-CE96-4C80-8BC1-25B22D9B5A37}.Debug|Any CPU.Build.0 = Debug|Any CPU
		{152C740E-CE96-4C80-8BC1-25B22D9B5A37}.Release|Any CPU.ActiveCfg = Release|Any CPU
		{152C740E-CE96-4C80-8BC1-25B22D9B5A37}.Release|Any CPU.Build.0 = Release|Any CPU
		{498F50B7-B7D0-4C3E-9EEE-C1CC2A9CB992}.Debug|Any CPU.ActiveCfg = Debug|Any CPU
		{498F50B7-B7D0-4C3E-9EEE-C1CC2A9CB992}.Debug|Any CPU.Build.0 = Debug|Any CPU
		{498F50B7-B7D0-4C3E-9EEE-C1CC2A9CB992}.Release|Any CPU.ActiveCfg = Release|Any CPU
		{498F50B7-B7D0-4C3E-9EEE-C1CC2A9CB992}.Release|Any CPU.Build.0 = Release|Any CPU
		{2C263AAA-88C5-4E71-9784-BAB290F1A5CC}.Debug|Any CPU.ActiveCfg = Debug|Any CPU
		{2C263AAA-88C5-4E71-9784-BAB290F1A5CC}.Debug|Any CPU.Build.0 = Debug|Any CPU
		{2C263AAA-88C5-4E71-9784-BAB290F1A5CC}.Release|Any CPU.ActiveCfg = Release|Any CPU
		{2C263AAA-88C5-4E71-9784-BAB290F1A5CC}.Release|Any CPU.Build.0 = Release|Any CPU
		{09E3F23E-4C31-4672-8032-D043107D239E}.Debug|Any CPU.ActiveCfg = Debug|Any CPU
		{09E3F23E-4C31-4672-8032-D043107D239E}.Debug|Any CPU.Build.0 = Debug|Any CPU
		{09E3F23E-4C31-4672-8032-D043107D239E}.Release|Any CPU.ActiveCfg = Release|Any CPU
		{09E3F23E-4C31-4672-8032-D043107D239E}.Release|Any CPU.Build.0 = Release|Any CPU
		{BBB60622-35CE-46B4-8D52-D37935B31704}.Debug|Any CPU.ActiveCfg = Debug|Any CPU
		{BBB60622-35CE-46B4-8D52-D37935B31704}.Debug|Any CPU.Build.0 = Debug|Any CPU
		{BBB60622-35CE-46B4-8D52-D37935B31704}.Release|Any CPU.ActiveCfg = Release|Any CPU
		{BBB60622-35CE-46B4-8D52-D37935B31704}.Release|Any CPU.Build.0 = Release|Any CPU
		{CDEE64F6-0900-4DC5-8ED6-1AABDE2C4BF1}.Debug|Any CPU.ActiveCfg = Debug|Any CPU
		{CDEE64F6-0900-4DC5-8ED6-1AABDE2C4BF1}.Debug|Any CPU.Build.0 = Debug|Any CPU
		{CDEE64F6-0900-4DC5-8ED6-1AABDE2C4BF1}.Release|Any CPU.ActiveCfg = Release|Any CPU
		{CDEE64F6-0900-4DC5-8ED6-1AABDE2C4BF1}.Release|Any CPU.Build.0 = Release|Any CPU
		{C657565B-0476-4FF2-9F4A-A5F3B6C85D57}.Debug|Any CPU.ActiveCfg = Debug|Any CPU
		{C657565B-0476-4FF2-9F4A-A5F3B6C85D57}.Debug|Any CPU.Build.0 = Debug|Any CPU
		{C657565B-0476-4FF2-9F4A-A5F3B6C85D57}.Release|Any CPU.ActiveCfg = Release|Any CPU
		{C657565B-0476-4FF2-9F4A-A5F3B6C85D57}.Release|Any CPU.Build.0 = Release|Any CPU
		{6FD82DD7-A087-4715-A008-1648B66BB75E}.Debug|Any CPU.ActiveCfg = Debug|Any CPU
		{6FD82DD7-A087-4715-A008-1648B66BB75E}.Debug|Any CPU.Build.0 = Debug|Any CPU
		{6FD82DD7-A087-4715-A008-1648B66BB75E}.Release|Any CPU.ActiveCfg = Release|Any CPU
		{6FD82DD7-A087-4715-A008-1648B66BB75E}.Release|Any CPU.Build.0 = Release|Any CPU
		{36D85529-0EC3-44AA-ACD0-4AED1EB2E94C}.Debug|Any CPU.ActiveCfg = Debug|Any CPU
		{36D85529-0EC3-44AA-ACD0-4AED1EB2E94C}.Debug|Any CPU.Build.0 = Debug|Any CPU
		{36D85529-0EC3-44AA-ACD0-4AED1EB2E94C}.Release|Any CPU.ActiveCfg = Release|Any CPU
		{36D85529-0EC3-44AA-ACD0-4AED1EB2E94C}.Release|Any CPU.Build.0 = Release|Any CPU
		{1525534B-99A4-4C53-9049-8F31CFCC5D72}.Debug|Any CPU.ActiveCfg = Debug|Any CPU
		{1525534B-99A4-4C53-9049-8F31CFCC5D72}.Debug|Any CPU.Build.0 = Debug|Any CPU
		{1525534B-99A4-4C53-9049-8F31CFCC5D72}.Release|Any CPU.ActiveCfg = Release|Any CPU
		{1525534B-99A4-4C53-9049-8F31CFCC5D72}.Release|Any CPU.Build.0 = Release|Any CPU
		{ECC0601C-FC57-4050-A8D0-FA1B3DD52D10}.Debug|Any CPU.ActiveCfg = Debug|Any CPU
		{ECC0601C-FC57-4050-A8D0-FA1B3DD52D10}.Debug|Any CPU.Build.0 = Debug|Any CPU
		{ECC0601C-FC57-4050-A8D0-FA1B3DD52D10}.Release|Any CPU.ActiveCfg = Release|Any CPU
		{ECC0601C-FC57-4050-A8D0-FA1B3DD52D10}.Release|Any CPU.Build.0 = Release|Any CPU
		{AD3B652D-9C97-4550-948E-F6692804B8CA}.Debug|Any CPU.ActiveCfg = Debug|Any CPU
		{AD3B652D-9C97-4550-948E-F6692804B8CA}.Debug|Any CPU.Build.0 = Debug|Any CPU
		{AD3B652D-9C97-4550-948E-F6692804B8CA}.Release|Any CPU.ActiveCfg = Release|Any CPU
		{AD3B652D-9C97-4550-948E-F6692804B8CA}.Release|Any CPU.Build.0 = Release|Any CPU
		{A0375D4D-7607-4D33-AEF1-F58DDC468492}.Debug|Any CPU.ActiveCfg = Debug|Any CPU
		{A0375D4D-7607-4D33-AEF1-F58DDC468492}.Debug|Any CPU.Build.0 = Debug|Any CPU
		{A0375D4D-7607-4D33-AEF1-F58DDC468492}.Release|Any CPU.ActiveCfg = Release|Any CPU
		{A0375D4D-7607-4D33-AEF1-F58DDC468492}.Release|Any CPU.Build.0 = Release|Any CPU
		{4D38CEB9-F81E-4913-ABC0-184821AC5DE6}.Debug|Any CPU.ActiveCfg = Debug|Any CPU
		{4D38CEB9-F81E-4913-ABC0-184821AC5DE6}.Debug|Any CPU.Build.0 = Debug|Any CPU
		{4D38CEB9-F81E-4913-ABC0-184821AC5DE6}.Release|Any CPU.ActiveCfg = Release|Any CPU
		{4D38CEB9-F81E-4913-ABC0-184821AC5DE6}.Release|Any CPU.Build.0 = Release|Any CPU
		{7C3B5A7F-BFF9-418D-97FE-AA6194513325}.Debug|Any CPU.ActiveCfg = Debug|Any CPU
		{7C3B5A7F-BFF9-418D-97FE-AA6194513325}.Debug|Any CPU.Build.0 = Debug|Any CPU
		{7C3B5A7F-BFF9-418D-97FE-AA6194513325}.Release|Any CPU.ActiveCfg = Release|Any CPU
		{7C3B5A7F-BFF9-418D-97FE-AA6194513325}.Release|Any CPU.Build.0 = Release|Any CPU
		{461D3A45-8B08-4FFE-8E14-B1CEF578C351}.Debug|Any CPU.ActiveCfg = Debug|Any CPU
		{461D3A45-8B08-4FFE-8E14-B1CEF578C351}.Debug|Any CPU.Build.0 = Debug|Any CPU
		{461D3A45-8B08-4FFE-8E14-B1CEF578C351}.Release|Any CPU.ActiveCfg = Release|Any CPU
		{461D3A45-8B08-4FFE-8E14-B1CEF578C351}.Release|Any CPU.Build.0 = Release|Any CPU
		{801A0AF3-8815-4A2D-996A-7CB4D280E86E}.Debug|Any CPU.ActiveCfg = Debug|Any CPU
		{801A0AF3-8815-4A2D-996A-7CB4D280E86E}.Debug|Any CPU.Build.0 = Debug|Any CPU
		{801A0AF3-8815-4A2D-996A-7CB4D280E86E}.Release|Any CPU.ActiveCfg = Release|Any CPU
		{801A0AF3-8815-4A2D-996A-7CB4D280E86E}.Release|Any CPU.Build.0 = Release|Any CPU
		{28EF86F3-E9DE-4645-AC1D-B49A8E638362}.Debug|Any CPU.ActiveCfg = Debug|Any CPU
		{28EF86F3-E9DE-4645-AC1D-B49A8E638362}.Debug|Any CPU.Build.0 = Debug|Any CPU
		{28EF86F3-E9DE-4645-AC1D-B49A8E638362}.Release|Any CPU.ActiveCfg = Release|Any CPU
		{28EF86F3-E9DE-4645-AC1D-B49A8E638362}.Release|Any CPU.Build.0 = Release|Any CPU
	EndGlobalSection
	GlobalSection(NestedProjects) = preSolution
		{09FB8785-4CD2-474B-998B-DA3DBC8C0727} = {3EB7F46A-BD29-46AC-8CB8-1A1602D878E7}
		{78E52FEA-BFB6-4492-AB17-101BFB25E2CD} = {09FB8785-4CD2-474B-998B-DA3DBC8C0727}
		{FF90E43B-D203-4E0C-AE4D-6C35863A5E2B} = {78E52FEA-BFB6-4492-AB17-101BFB25E2CD}
		{385B1D03-8161-4422-A5AB-3B9599F683D6} = {78E52FEA-BFB6-4492-AB17-101BFB25E2CD}
		{A7C68807-3CE0-4750-9112-D50D3D94B847} = {78E52FEA-BFB6-4492-AB17-101BFB25E2CD}
		{4E5706BA-70E2-4E85-BFC1-47A611B3316A} = {78E52FEA-BFB6-4492-AB17-101BFB25E2CD}
		{2C78938A-E767-463E-80DE-CC34E51C6D1E} = {09FB8785-4CD2-474B-998B-DA3DBC8C0727}
		{F1A44843-4A68-4A03-9540-FE5DC14E1FA0} = {2C78938A-E767-463E-80DE-CC34E51C6D1E}
		{5C7502F4-2B17-4589-9EA7-CBFC37E99FCD} = {2C78938A-E767-463E-80DE-CC34E51C6D1E}
		{CF15C294-37F8-4302-85BF-DB28AA6BF281} = {2C78938A-E767-463E-80DE-CC34E51C6D1E}
		{95867594-DEAB-4429-B8C0-852087043F79} = {2C78938A-E767-463E-80DE-CC34E51C6D1E}
		{A16B8DDA-A880-4FCA-A979-08E5AE0D905D} = {09FB8785-4CD2-474B-998B-DA3DBC8C0727}
		{EF788FBD-A4A3-49D6-A06F-D85AD34A4D7C} = {A16B8DDA-A880-4FCA-A979-08E5AE0D905D}
		{932C5003-5419-42FF-8494-ACA76D1FB37F} = {A16B8DDA-A880-4FCA-A979-08E5AE0D905D}
		{2C9B7DC7-5CD7-4489-A6B6-7F676445C8BD} = {A16B8DDA-A880-4FCA-A979-08E5AE0D905D}
		{152C740E-CE96-4C80-8BC1-25B22D9B5A37} = {A16B8DDA-A880-4FCA-A979-08E5AE0D905D}
		{9D56466D-CBC4-46D8-BC23-AEB4EF0D548A} = {09FB8785-4CD2-474B-998B-DA3DBC8C0727}
		{498F50B7-B7D0-4C3E-9EEE-C1CC2A9CB992} = {9D56466D-CBC4-46D8-BC23-AEB4EF0D548A}
		{2C263AAA-88C5-4E71-9784-BAB290F1A5CC} = {9D56466D-CBC4-46D8-BC23-AEB4EF0D548A}
		{09E3F23E-4C31-4672-8032-D043107D239E} = {9D56466D-CBC4-46D8-BC23-AEB4EF0D548A}
		{BBB60622-35CE-46B4-8D52-D37935B31704} = {9D56466D-CBC4-46D8-BC23-AEB4EF0D548A}
		{70903D10-3603-42FD-A19E-AD2E0267757A} = {09FB8785-4CD2-474B-998B-DA3DBC8C0727}
		{CDEE64F6-0900-4DC5-8ED6-1AABDE2C4BF1} = {70903D10-3603-42FD-A19E-AD2E0267757A}
		{C657565B-0476-4FF2-9F4A-A5F3B6C85D57} = {70903D10-3603-42FD-A19E-AD2E0267757A}
		{6FD82DD7-A087-4715-A008-1648B66BB75E} = {70903D10-3603-42FD-A19E-AD2E0267757A}
		{36D85529-0EC3-44AA-ACD0-4AED1EB2E94C} = {70903D10-3603-42FD-A19E-AD2E0267757A}
		{12F7DE93-C5EE-4B5F-84D6-3B90A5E4F9DE} = {09FB8785-4CD2-474B-998B-DA3DBC8C0727}
		{1525534B-99A4-4C53-9049-8F31CFCC5D72} = {12F7DE93-C5EE-4B5F-84D6-3B90A5E4F9DE}
		{ECC0601C-FC57-4050-A8D0-FA1B3DD52D10} = {12F7DE93-C5EE-4B5F-84D6-3B90A5E4F9DE}
		{AD3B652D-9C97-4550-948E-F6692804B8CA} = {12F7DE93-C5EE-4B5F-84D6-3B90A5E4F9DE}
		{A0375D4D-7607-4D33-AEF1-F58DDC468492} = {12F7DE93-C5EE-4B5F-84D6-3B90A5E4F9DE}
		{4972B6FF-2344-424B-B0F2-BD8EB64210C9} = {09FB8785-4CD2-474B-998B-DA3DBC8C0727}
		{4D38CEB9-F81E-4913-ABC0-184821AC5DE6} = {4972B6FF-2344-424B-B0F2-BD8EB64210C9}
		{7C3B5A7F-BFF9-418D-97FE-AA6194513325} = {4972B6FF-2344-424B-B0F2-BD8EB64210C9}
		{461D3A45-8B08-4FFE-8E14-B1CEF578C351} = {4972B6FF-2344-424B-B0F2-BD8EB64210C9}
		{801A0AF3-8815-4A2D-996A-7CB4D280E86E} = {4972B6FF-2344-424B-B0F2-BD8EB64210C9}
		{6EB162DB-E1A3-44F7-BB95-891C6AA183E9} = {3EB7F46A-BD29-46AC-8CB8-1A1602D878E7}
		{0D4248D3-0FA9-474E-8C12-FE075AE67296} = {6EB162DB-E1A3-44F7-BB95-891C6AA183E9}
		{28EF86F3-E9DE-4645-AC1D-B49A8E638362} = {0D4248D3-0FA9-474E-8C12-FE075AE67296}
	EndGlobalSection
EndGlobal
